
Microsoft Visual Studio Solution File, Format Version 12.00
# Visual Studio Version 17
VisualStudioVersion = 17.6.33712.159
MinimumVisualStudioVersion = 10.0.40219.1
Project("{9A19103F-16F7-4668-BE54-9A1E7A4F7556}") = "DataStructure2", "DataStructure2.csproj", "{674310AA-A4E6-4609-9BC5-B1F9DF038CEB}"
EndProject
Global
	GlobalSection(SolutionConfigurationPlatforms) = preSolution
		Debug|Any CPU = Debug|Any CPU
		Release|Any CPU = Release|Any CPU
	EndGlobalSection
	GlobalSection(ProjectConfigurationPlatforms) = postSolution
		{674310AA-A4E6-4609-9BC5-B1F9DF038CEB}.Debug|Any CPU.ActiveCfg = Debug|Any CPU
		{674310AA-A4E6-4609-9BC5-B1F9DF038CEB}.Debug|Any CPU.Build.0 = Debug|Any CPU
		{674310AA-A4E6-4609-9BC5-B1F9DF038CEB}.Release|Any CPU.ActiveCfg = Release|Any CPU
		{674310AA-A4E6-4609-9BC5-B1F9DF038CEB}.Release|Any CPU.Build.0 = Release|Any CPU
	EndGlobalSection
	GlobalSection(SolutionProperties) = preSolution
		HideSolutionNode = FALSE
	EndGlobalSection
	GlobalSection(ExtensibilityGlobals) = postSolution
		SolutionGuid = {2BB0D539-979D-4BC2-A270-623AA6A3FB99}
	EndGlobalSection
EndGlobal
